
Microsoft Visual Studio Solution File, Format Version 12.00
# Visual Studio Version 16
VisualStudioVersion = 16.0.29609.76
MinimumVisualStudioVersion = 10.0.40219.1
Project("{FAE04EC0-301F-11D3-BF4B-00C04F79EFBC}") = "HW_1_09-03-21", "HW_1_09-03-21\HW_1_09-03-21.csproj", "{F5449271-1E87-4BB9-A250-9754B38574AB}"
EndProject
Global
	GlobalSection(SolutionConfigurationPlatforms) = preSolution
		Debug|Any CPU = Debug|Any CPU
		Release|Any CPU = Release|Any CPU
	EndGlobalSection
	GlobalSection(ProjectConfigurationPlatforms) = postSolution
		{F5449271-1E87-4BB9-A250-9754B38574AB}.Debug|Any CPU.ActiveCfg = Debug|Any CPU
		{F5449271-1E87-4BB9-A250-9754B38574AB}.Debug|Any CPU.Build.0 = Debug|Any CPU
		{F5449271-1E87-4BB9-A250-9754B38574AB}.Release|Any CPU.ActiveCfg = Release|Any CPU
		{F5449271-1E87-4BB9-A250-9754B38574AB}.Release|Any CPU.Build.0 = Release|Any CPU
	EndGlobalSection
	GlobalSection(SolutionProperties) = preSolution
		HideSolutionNode = FALSE
	EndGlobalSection
	GlobalSection(ExtensibilityGlobals) = postSolution
		SolutionGuid = {0D417928-77CC-41DF-A54D-0FF30181FC40}
	EndGlobalSection
EndGlobal
